
Microsoft Visual Studio Solution File, Format Version 12.00
# Visual Studio 15
VisualStudioVersion = 15.0.28010.0
MinimumVisualStudioVersion = 10.0.40219.1
Project("{FAE04EC0-301F-11D3-BF4B-00C04F79EFBC}") = "LegacyWebFormsApp", "LegacyWebFormsApp\LegacyWebFormsApp.csproj", "{48020F5C-5A0C-41BF-938E-F9ED6B557FA9}"
EndProject
Global
	GlobalSection(SolutionConfigurationPlatforms) = preSolution
		Debug|Any CPU = Debug|Any CPU
		Release|Any CPU = Release|Any CPU
	EndGlobalSection
	GlobalSection(ProjectConfigurationPlatforms) = postSolution
		{48020F5C-5A0C-41BF-938E-F9ED6B557FA9}.Debug|Any CPU.ActiveCfg = Debug|Any CPU
		{48020F5C-5A0C-41BF-938E-F9ED6B557FA9}.Debug|Any CPU.Build.0 = Debug|Any CPU
		{48020F5C-5A0C-41BF-938E-F9ED6B557FA9}.Release|Any CPU.ActiveCfg = Release|Any CPU
		{48020F5C-5A0C-41BF-938E-F9ED6B557FA9}.Release|Any CPU.Build.0 = Release|Any CPU
	EndGlobalSection
	GlobalSection(SolutionProperties) = preSolution
		HideSolutionNode = FALSE
	EndGlobalSection
	GlobalSection(ExtensibilityGlobals) = postSolution
		SolutionGuid = {3230C904-852A-4532-885F-25545BCCB857}
	EndGlobalSection
EndGlobal
