
Microsoft Visual Studio Solution File, Format Version 12.00
# Visual Studio 15
VisualStudioVersion = 15.0.28010.0
MinimumVisualStudioVersion = 10.0.40219.1
Project("{FAE04EC0-301F-11D3-BF4B-00C04F79EFBC}") = "LegacyWebFormsApp", "LegacyWebFormsApp\LegacyWebFormsApp.csproj", "{48020F5C-5A0C-41BF-938E-F9ED6B557FA9}"
EndProject
Project("{9A19103F-16F7-4668-BE54-9A1E7A4F7556}") = "AspNetCoreMvcApp", "AspNetCoreMvcApp\AspNetCoreMvcApp.csproj", "{AC70C304-09DE-438E-8430-4DF61A78BB18}"
EndProject
Project("{9A19103F-16F7-4668-BE54-9A1E7A4F7556}") = "AspNetCoreMvcApp.Tests", "AspNetCoreMvcApp.Tests\AspNetCoreMvcApp.Tests.csproj", "{B3B3CEF1-4DED-4305-B38C-0E6E8739C22F}"
EndProject
Project("{9A19103F-16F7-4668-BE54-9A1E7A4F7556}") = "AspNetCoreMvcApp.IntegrationTests", "AspNetCoreMvcApp.IntegrationTests\AspNetCoreMvcApp.IntegrationTests.csproj", "{DD2C2735-2BF9-48F3-BEAD-D3E9C9046C82}"
EndProject
Project("{9A19103F-16F7-4668-BE54-9A1E7A4F7556}") = "CoreDddShared", "CoreDddShared\CoreDddShared.csproj", "{A7D29537-03F9-4087-A50B-683B8BAC7A89}"
EndProject
Project("{9A19103F-16F7-4668-BE54-9A1E7A4F7556}") = "CoreDddShared.IntegrationTests", "CoreDddShared.IntegrationTests\CoreDddShared.IntegrationTests.csproj", "{160D595E-F844-4F7B-B699-91E4B76AFC0B}"
EndProject
Project("{9A19103F-16F7-4668-BE54-9A1E7A4F7556}") = "CoreDddShared.Tests", "CoreDddShared.Tests\CoreDddShared.Tests.csproj", "{DCE2148E-7E3D-408C-927B-45BF74A4EC77}"
EndProject
Project("{9A19103F-16F7-4668-BE54-9A1E7A4F7556}") = "ServiceApp", "ServiceApp\ServiceApp.csproj", "{0FA4BAC2-B45F-4A2B-A9B3-BA446F8F473A}"
EndProject
Project("{9A19103F-16F7-4668-BE54-9A1E7A4F7556}") = "ServiceApp.Tests", "ServiceApp.Tests\ServiceApp.Tests.csproj", "{7DD203C7-F842-4B18-AE1C-C1365C8FAB09}"
EndProject
Global
	GlobalSection(SolutionConfigurationPlatforms) = preSolution
		Debug|Any CPU = Debug|Any CPU
		Release|Any CPU = Release|Any CPU
	EndGlobalSection
	GlobalSection(ProjectConfigurationPlatforms) = postSolution
		{48020F5C-5A0C-41BF-938E-F9ED6B557FA9}.Debug|Any CPU.ActiveCfg = Debug|Any CPU
		{48020F5C-5A0C-41BF-938E-F9ED6B557FA9}.Debug|Any CPU.Build.0 = Debug|Any CPU
		{48020F5C-5A0C-41BF-938E-F9ED6B557FA9}.Release|Any CPU.ActiveCfg = Release|Any CPU
		{48020F5C-5A0C-41BF-938E-F9ED6B557FA9}.Release|Any CPU.Build.0 = Release|Any CPU
		{AC70C304-09DE-438E-8430-4DF61A78BB18}.Debug|Any CPU.ActiveCfg = Debug|Any CPU
		{AC70C304-09DE-438E-8430-4DF61A78BB18}.Debug|Any CPU.Build.0 = Debug|Any CPU
		{AC70C304-09DE-438E-8430-4DF61A78BB18}.Release|Any CPU.ActiveCfg = Release|Any CPU
		{AC70C304-09DE-438E-8430-4DF61A78BB18}.Release|Any CPU.Build.0 = Release|Any CPU
		{B3B3CEF1-4DED-4305-B38C-0E6E8739C22F}.Debug|Any CPU.ActiveCfg = Debug|Any CPU
		{B3B3CEF1-4DED-4305-B38C-0E6E8739C22F}.Debug|Any CPU.Build.0 = Debug|Any CPU
		{B3B3CEF1-4DED-4305-B38C-0E6E8739C22F}.Release|Any CPU.ActiveCfg = Release|Any CPU
		{B3B3CEF1-4DED-4305-B38C-0E6E8739C22F}.Release|Any CPU.Build.0 = Release|Any CPU
		{DD2C2735-2BF9-48F3-BEAD-D3E9C9046C82}.Debug|Any CPU.ActiveCfg = Debug|Any CPU
		{DD2C2735-2BF9-48F3-BEAD-D3E9C9046C82}.Debug|Any CPU.Build.0 = Debug|Any CPU
		{DD2C2735-2BF9-48F3-BEAD-D3E9C9046C82}.Release|Any CPU.ActiveCfg = Release|Any CPU
		{DD2C2735-2BF9-48F3-BEAD-D3E9C9046C82}.Release|Any CPU.Build.0 = Release|Any CPU
		{A7D29537-03F9-4087-A50B-683B8BAC7A89}.Debug|Any CPU.ActiveCfg = Debug|Any CPU
		{A7D29537-03F9-4087-A50B-683B8BAC7A89}.Debug|Any CPU.Build.0 = Debug|Any CPU
		{A7D29537-03F9-4087-A50B-683B8BAC7A89}.Release|Any CPU.ActiveCfg = Release|Any CPU
		{A7D29537-03F9-4087-A50B-683B8BAC7A89}.Release|Any CPU.Build.0 = Release|Any CPU
		{160D595E-F844-4F7B-B699-91E4B76AFC0B}.Debug|Any CPU.ActiveCfg = Debug|Any CPU
		{160D595E-F844-4F7B-B699-91E4B76AFC0B}.Debug|Any CPU.Build.0 = Debug|Any CPU
		{160D595E-F844-4F7B-B699-91E4B76AFC0B}.Release|Any CPU.ActiveCfg = Release|Any CPU
		{160D595E-F844-4F7B-B699-91E4B76AFC0B}.Release|Any CPU.Build.0 = Release|Any CPU
		{DCE2148E-7E3D-408C-927B-45BF74A4EC77}.Debug|Any CPU.ActiveCfg = Debug|Any CPU
		{DCE2148E-7E3D-408C-927B-45BF74A4EC77}.Debug|Any CPU.Build.0 = Debug|Any CPU
		{DCE2148E-7E3D-408C-927B-45BF74A4EC77}.Release|Any CPU.ActiveCfg = Release|Any CPU
		{DCE2148E-7E3D-408C-927B-45BF74A4EC77}.Release|Any CPU.Build.0 = Release|Any CPU
		{0FA4BAC2-B45F-4A2B-A9B3-BA446F8F473A}.Debug|Any CPU.ActiveCfg = Debug|Any CPU
		{0FA4BAC2-B45F-4A2B-A9B3-BA446F8F473A}.Debug|Any CPU.Build.0 = Debug|Any CPU
		{0FA4BAC2-B45F-4A2B-A9B3-BA446F8F473A}.Release|Any CPU.ActiveCfg = Release|Any CPU
		{0FA4BAC2-B45F-4A2B-A9B3-BA446F8F473A}.Release|Any CPU.Build.0 = Release|Any CPU
		{7DD203C7-F842-4B18-AE1C-C1365C8FAB09}.Debug|Any CPU.ActiveCfg = Debug|Any CPU
		{7DD203C7-F842-4B18-AE1C-C1365C8FAB09}.Debug|Any CPU.Build.0 = Debug|Any CPU
		{7DD203C7-F842-4B18-AE1C-C1365C8FAB09}.Release|Any CPU.ActiveCfg = Release|Any CPU
		{7DD203C7-F842-4B18-AE1C-C1365C8FAB09}.Release|Any CPU.Build.0 = Release|Any CPU
	EndGlobalSection
	GlobalSection(SolutionProperties) = preSolution
		HideSolutionNode = FALSE
	EndGlobalSection
	GlobalSection(ExtensibilityGlobals) = postSolution
		SolutionGuid = {3230C904-852A-4532-885F-25545BCCB857}
	EndGlobalSection
EndGlobal
